
Microsoft Visual Studio Solution File, Format Version 12.00
# Visual Studio Version 17
VisualStudioVersion = 17.11.35312.102
MinimumVisualStudioVersion = 10.0.40219.1
Project("{FAE04EC0-301F-11D3-BF4B-00C04F79EFBC}") = "ADHDLaarning", "ADHDLaarning.csproj", "{CEAAC3C8-53CC-4361-A2BE-46C396966FA1}"
EndProject
Global
	GlobalSection(SolutionConfigurationPlatforms) = preSolution
		Debug|Any CPU = Debug|Any CPU
		Release|Any CPU = Release|Any CPU
	EndGlobalSection
	GlobalSection(ProjectConfigurationPlatforms) = postSolution
		{CEAAC3C8-53CC-4361-A2BE-46C396966FA1}.Debug|Any CPU.ActiveCfg = Debug|Any CPU
		{CEAAC3C8-53CC-4361-A2BE-46C396966FA1}.Debug|Any CPU.Build.0 = Debug|Any CPU
		{CEAAC3C8-53CC-4361-A2BE-46C396966FA1}.Release|Any CPU.ActiveCfg = Release|Any CPU
		{CEAAC3C8-53CC-4361-A2BE-46C396966FA1}.Release|Any CPU.Build.0 = Release|Any CPU
	EndGlobalSection
	GlobalSection(SolutionProperties) = preSolution
		HideSolutionNode = FALSE
	EndGlobalSection
	GlobalSection(ExtensibilityGlobals) = postSolution
		SolutionGuid = {ED4E70D8-BF4F-4C37-8643-14BF0638D9C2}
	EndGlobalSection
EndGlobal
